// !$*UTF8*$!
{
	archiveVersion = 1;
	classes = {
	};
	objectVersion = 48;
	objects = {

/* Begin PBXBuildFile section */
		5122266720931FF80022178E /* APIManager.swift in Sources */ = {isa = PBXBuildFile; fileRef = 5122266620931FF80022178E /* APIManager.swift */; };
		FC1C27812080EB4E0049EDB8 /* AppDelegate.swift in Sources */ = {isa = PBXBuildFile; fileRef = FC1C27802080EB4E0049EDB8 /* AppDelegate.swift */; };
		FC1C27832080EB4E0049EDB8 /* ViewController.swift in Sources */ = {isa = PBXBuildFile; fileRef = FC1C27822080EB4E0049EDB8 /* ViewController.swift */; };
		FC1C27862080EB4E0049EDB8 /* Main.storyboard in Resources */ = {isa = PBXBuildFile; fileRef = FC1C27842080EB4E0049EDB8 /* Main.storyboard */; };
		FC1C27882080EB4E0049EDB8 /* Assets.xcassets in Resources */ = {isa = PBXBuildFile; fileRef = FC1C27872080EB4E0049EDB8 /* Assets.xcassets */; };
		FC1C278B2080EB4E0049EDB8 /* LaunchScreen.storyboard in Resources */ = {isa = PBXBuildFile; fileRef = FC1C27892080EB4E0049EDB8 /* LaunchScreen.storyboard */; };
		FC1C27962080EB4E0049EDB8 /* WeatherForecastTests.swift in Sources */ = {isa = PBXBuildFile; fileRef = FC1C27952080EB4E0049EDB8 /* WeatherForecastTests.swift */; };
		FC1C27A12080EB4E0049EDB8 /* WeatherForecastUITests.swift in Sources */ = {isa = PBXBuildFile; fileRef = FC1C27A02080EB4E0049EDB8 /* WeatherForecastUITests.swift */; };
		FC1C27B02080EC520049EDB8 /* londonWeather.json in Resources */ = {isa = PBXBuildFile; fileRef = FC1C27AF2080EC520049EDB8 /* londonWeather.json */; };
		FC1C27B32080F1AD0049EDB8 /* CurrentWeather.swift in Sources */ = {isa = PBXBuildFile; fileRef = FC1C27B22080F1AD0049EDB8 /* CurrentWeather.swift */; };
		FC1C27B52080F1CF0049EDB8 /* Coord.swift in Sources */ = {isa = PBXBuildFile; fileRef = FC1C27B42080F1CF0049EDB8 /* Coord.swift */; };
		FC1C27B72080F2BE0049EDB8 /* WeatherDetails.swift in Sources */ = {isa = PBXBuildFile; fileRef = FC1C27B62080F2BE0049EDB8 /* WeatherDetails.swift */; };
		FC1C27B92080F3B90049EDB8 /* Main.swift in Sources */ = {isa = PBXBuildFile; fileRef = FC1C27B82080F3B90049EDB8 /* Main.swift */; };
		FC1C27BB2080F4180049EDB8 /* Wind.swift in Sources */ = {isa = PBXBuildFile; fileRef = FC1C27BA2080F4180049EDB8 /* Wind.swift */; };
		FC1C27BD2080F42B0049EDB8 /* Clouds.swift in Sources */ = {isa = PBXBuildFile; fileRef = FC1C27BC2080F42B0049EDB8 /* Clouds.swift */; };
		FC1C27BF2080F5360049EDB8 /* Sys.swift in Sources */ = {isa = PBXBuildFile; fileRef = FC1C27BE2080F5360049EDB8 /* Sys.swift */; };
/* End PBXBuildFile section */

/* Begin PBXContainerItemProxy section */
		FC1C27922080EB4E0049EDB8 /* PBXContainerItemProxy */ = {
			isa = PBXContainerItemProxy;
			containerPortal = FC1C27752080EB4E0049EDB8 /* Project object */;
			proxyType = 1;
			remoteGlobalIDString = FC1C277C2080EB4E0049EDB8;
			remoteInfo = WeatherForecast;
		};
		FC1C279D2080EB4E0049EDB8 /* PBXContainerItemProxy */ = {
			isa = PBXContainerItemProxy;
			containerPortal = FC1C27752080EB4E0049EDB8 /* Project object */;
			proxyType = 1;
			remoteGlobalIDString = FC1C277C2080EB4E0049EDB8;
			remoteInfo = WeatherForecast;
		};
/* End PBXContainerItemProxy section */

/* Begin PBXFileReference section */
		5122266620931FF80022178E /* APIManager.swift */ = {isa = PBXFileReference; lastKnownFileType = sourcecode.swift; path = APIManager.swift; sourceTree = "<group>"; };
		FC1C277D2080EB4E0049EDB8 /* WeatherForecast.app */ = {isa = PBXFileReference; explicitFileType = wrapper.application; includeInIndex = 0; path = WeatherForecast.app; sourceTree = BUILT_PRODUCTS_DIR; };
		FC1C27802080EB4E0049EDB8 /* AppDelegate.swift */ = {isa = PBXFileReference; lastKnownFileType = sourcecode.swift; path = AppDelegate.swift; sourceTree = "<group>"; };
		FC1C27822080EB4E0049EDB8 /* ViewController.swift */ = {isa = PBXFileReference; lastKnownFileType = sourcecode.swift; path = ViewController.swift; sourceTree = "<group>"; };
		FC1C27852080EB4E0049EDB8 /* Base */ = {isa = PBXFileReference; lastKnownFileType = file.storyboard; name = Base; path = Base.lproj/Main.storyboard; sourceTree = "<group>"; };
		FC1C27872080EB4E0049EDB8 /* Assets.xcassets */ = {isa = PBXFileReference; lastKnownFileType = folder.assetcatalog; path = Assets.xcassets; sourceTree = "<group>"; };
		FC1C278A2080EB4E0049EDB8 /* Base */ = {isa = PBXFileReference; lastKnownFileType = file.storyboard; name = Base; path = Base.lproj/LaunchScreen.storyboard; sourceTree = "<group>"; };
		FC1C278C2080EB4E0049EDB8 /* Info.plist */ = {isa = PBXFileReference; lastKnownFileType = text.plist.xml; path = Info.plist; sourceTree = "<group>"; };
		FC1C27912080EB4E0049EDB8 /* WeatherForecastTests.xctest */ = {isa = PBXFileReference; explicitFileType = wrapper.cfbundle; includeInIndex = 0; path = WeatherForecastTests.xctest; sourceTree = BUILT_PRODUCTS_DIR; };
		FC1C27952080EB4E0049EDB8 /* WeatherForecastTests.swift */ = {isa = PBXFileReference; lastKnownFileType = sourcecode.swift; path = WeatherForecastTests.swift; sourceTree = "<group>"; };
		FC1C27972080EB4E0049EDB8 /* Info.plist */ = {isa = PBXFileReference; lastKnownFileType = text.plist.xml; path = Info.plist; sourceTree = "<group>"; };
		FC1C279C2080EB4E0049EDB8 /* WeatherForecastUITests.xctest */ = {isa = PBXFileReference; explicitFileType = wrapper.cfbundle; includeInIndex = 0; path = WeatherForecastUITests.xctest; sourceTree = BUILT_PRODUCTS_DIR; };
		FC1C27A02080EB4E0049EDB8 /* WeatherForecastUITests.swift */ = {isa = PBXFileReference; lastKnownFileType = sourcecode.swift; path = WeatherForecastUITests.swift; sourceTree = "<group>"; };
		FC1C27A22080EB4E0049EDB8 /* Info.plist */ = {isa = PBXFileReference; lastKnownFileType = text.plist.xml; path = Info.plist; sourceTree = "<group>"; };
		FC1C27AF2080EC520049EDB8 /* londonWeather.json */ = {isa = PBXFileReference; lastKnownFileType = text.json; path = londonWeather.json; sourceTree = "<group>"; };
		FC1C27B22080F1AD0049EDB8 /* CurrentWeather.swift */ = {isa = PBXFileReference; lastKnownFileType = sourcecode.swift; path = CurrentWeather.swift; sourceTree = "<group>"; };
		FC1C27B42080F1CF0049EDB8 /* Coord.swift */ = {isa = PBXFileReference; lastKnownFileType = sourcecode.swift; path = Coord.swift; sourceTree = "<group>"; };
		FC1C27B62080F2BE0049EDB8 /* WeatherDetails.swift */ = {isa = PBXFileReference; lastKnownFileType = sourcecode.swift; path = WeatherDetails.swift; sourceTree = "<group>"; };
		FC1C27B82080F3B90049EDB8 /* Main.swift */ = {isa = PBXFileReference; lastKnownFileType = sourcecode.swift; path = Main.swift; sourceTree = "<group>"; };
		FC1C27BA2080F4180049EDB8 /* Wind.swift */ = {isa = PBXFileReference; lastKnownFileType = sourcecode.swift; path = Wind.swift; sourceTree = "<group>"; };
		FC1C27BC2080F42B0049EDB8 /* Clouds.swift */ = {isa = PBXFileReference; lastKnownFileType = sourcecode.swift; path = Clouds.swift; sourceTree = "<group>"; };
		FC1C27BE2080F5360049EDB8 /* Sys.swift */ = {isa = PBXFileReference; lastKnownFileType = sourcecode.swift; path = Sys.swift; sourceTree = "<group>"; };
/* End PBXFileReference section */

/* Begin PBXFrameworksBuildPhase section */
		FC1C277A2080EB4E0049EDB8 /* Frameworks */ = {
			isa = PBXFrameworksBuildPhase;
			buildActionMask = 2147483647;
			files = (
			);
			runOnlyForDeploymentPostprocessing = 0;
		};
		FC1C278E2080EB4E0049EDB8 /* Frameworks */ = {
			isa = PBXFrameworksBuildPhase;
			buildActionMask = 2147483647;
			files = (
			);
			runOnlyForDeploymentPostprocessing = 0;
		};
		FC1C27992080EB4E0049EDB8 /* Frameworks */ = {
			isa = PBXFrameworksBuildPhase;
			buildActionMask = 2147483647;
			files = (
			);
			runOnlyForDeploymentPostprocessing = 0;
		};
/* End PBXFrameworksBuildPhase section */

/* Begin PBXGroup section */
		5122266520931FE10022178E /* API */ = {
			isa = PBXGroup;
			children = (
				5122266620931FF80022178E /* APIManager.swift */,
			);
			path = API;
			sourceTree = "<group>";
		};
		FC1C27742080EB4E0049EDB8 = {
			isa = PBXGroup;
			children = (
				FC1C277F2080EB4E0049EDB8 /* WeatherForecast */,
				FC1C27942080EB4E0049EDB8 /* WeatherForecastTests */,
				FC1C279F2080EB4E0049EDB8 /* WeatherForecastUITests */,
				FC1C277E2080EB4E0049EDB8 /* Products */,
			);
			sourceTree = "<group>";
		};
		FC1C277E2080EB4E0049EDB8 /* Products */ = {
			isa = PBXGroup;
			children = (
				FC1C277D2080EB4E0049EDB8 /* WeatherForecast.app */,
				FC1C27912080EB4E0049EDB8 /* WeatherForecastTests.xctest */,
				FC1C279C2080EB4E0049EDB8 /* WeatherForecastUITests.xctest */,
			);
			name = Products;
			sourceTree = "<group>";
		};
		FC1C277F2080EB4E0049EDB8 /* WeatherForecast */ = {
			isa = PBXGroup;
			children = (
				5122266520931FE10022178E /* API */,
				FC1C27B12080F19A0049EDB8 /* Model */,
				FC1C27AE2080EBBD0049EDB8 /* StubData */,
				FC1C27802080EB4E0049EDB8 /* AppDelegate.swift */,
				FC1C27822080EB4E0049EDB8 /* ViewController.swift */,
				FC1C27842080EB4E0049EDB8 /* Main.storyboard */,
				FC1C27872080EB4E0049EDB8 /* Assets.xcassets */,
				FC1C27892080EB4E0049EDB8 /* LaunchScreen.storyboard */,
				FC1C278C2080EB4E0049EDB8 /* Info.plist */,
			);
			path = WeatherForecast;
			sourceTree = "<group>";
		};
		FC1C27942080EB4E0049EDB8 /* WeatherForecastTests */ = {
			isa = PBXGroup;
			children = (
				FC1C27952080EB4E0049EDB8 /* WeatherForecastTests.swift */,
				FC1C27972080EB4E0049EDB8 /* Info.plist */,
			);
			path = WeatherForecastTests;
			sourceTree = "<group>";
		};
		FC1C279F2080EB4E0049EDB8 /* WeatherForecastUITests */ = {
			isa = PBXGroup;
			children = (
				FC1C27A02080EB4E0049EDB8 /* WeatherForecastUITests.swift */,
				FC1C27A22080EB4E0049EDB8 /* Info.plist */,
			);
			path = WeatherForecastUITests;
			sourceTree = "<group>";
		};
		FC1C27AE2080EBBD0049EDB8 /* StubData */ = {
			isa = PBXGroup;
			children = (
				FC1C27AF2080EC520049EDB8 /* londonWeather.json */,
			);
			path = StubData;
			sourceTree = "<group>";
		};
		FC1C27B12080F19A0049EDB8 /* Model */ = {
			isa = PBXGroup;
			children = (
				FC1C27B22080F1AD0049EDB8 /* CurrentWeather.swift */,
				FC1C27B42080F1CF0049EDB8 /* Coord.swift */,
				FC1C27B62080F2BE0049EDB8 /* WeatherDetails.swift */,
				FC1C27B82080F3B90049EDB8 /* Main.swift */,
				FC1C27BA2080F4180049EDB8 /* Wind.swift */,
				FC1C27BC2080F42B0049EDB8 /* Clouds.swift */,
				FC1C27BE2080F5360049EDB8 /* Sys.swift */,
			);
			path = Model;
			sourceTree = "<group>";
		};
/* End PBXGroup section */

/* Begin PBXNativeTarget section */
		FC1C277C2080EB4E0049EDB8 /* WeatherForecast */ = {
			isa = PBXNativeTarget;
			buildConfigurationList = FC1C27A52080EB4E0049EDB8 /* Build configuration list for PBXNativeTarget "WeatherForecast" */;
			buildPhases = (
				FC1C27792080EB4E0049EDB8 /* Sources */,
				FC1C277A2080EB4E0049EDB8 /* Frameworks */,
				FC1C277B2080EB4E0049EDB8 /* Resources */,
			);
			buildRules = (
			);
			dependencies = (
			);
			name = WeatherForecast;
			productName = WeatherForecast;
			productReference = FC1C277D2080EB4E0049EDB8 /* WeatherForecast.app */;
			productType = "com.apple.product-type.application";
		};
		FC1C27902080EB4E0049EDB8 /* WeatherForecastTests */ = {
			isa = PBXNativeTarget;
			buildConfigurationList = FC1C27A82080EB4E0049EDB8 /* Build configuration list for PBXNativeTarget "WeatherForecastTests" */;
			buildPhases = (
				FC1C278D2080EB4E0049EDB8 /* Sources */,
				FC1C278E2080EB4E0049EDB8 /* Frameworks */,
				FC1C278F2080EB4E0049EDB8 /* Resources */,
			);
			buildRules = (
			);
			dependencies = (
				FC1C27932080EB4E0049EDB8 /* PBXTargetDependency */,
			);
			name = WeatherForecastTests;
			productName = WeatherForecastTests;
			productReference = FC1C27912080EB4E0049EDB8 /* WeatherForecastTests.xctest */;
			productType = "com.apple.product-type.bundle.unit-test";
		};
		FC1C279B2080EB4E0049EDB8 /* WeatherForecastUITests */ = {
			isa = PBXNativeTarget;
			buildConfigurationList = FC1C27AB2080EB4E0049EDB8 /* Build configuration list for PBXNativeTarget "WeatherForecastUITests" */;
			buildPhases = (
				FC1C27982080EB4E0049EDB8 /* Sources */,
				FC1C27992080EB4E0049EDB8 /* Frameworks */,
				FC1C279A2080EB4E0049EDB8 /* Resources */,
			);
			buildRules = (
			);
			dependencies = (
				FC1C279E2080EB4E0049EDB8 /* PBXTargetDependency */,
			);
			name = WeatherForecastUITests;
			productName = WeatherForecastUITests;
			productReference = FC1C279C2080EB4E0049EDB8 /* WeatherForecastUITests.xctest */;
			productType = "com.apple.product-type.bundle.ui-testing";
		};
/* End PBXNativeTarget section */

/* Begin PBXProject section */
		FC1C27752080EB4E0049EDB8 /* Project object */ = {
			isa = PBXProject;
			attributes = {
				LastSwiftUpdateCheck = 0920;
				LastUpgradeCheck = 0920;
				ORGANIZATIONNAME = Batin;
				TargetAttributes = {
					FC1C277C2080EB4E0049EDB8 = {
						CreatedOnToolsVersion = 9.2;
						ProvisioningStyle = Automatic;
					};
					FC1C27902080EB4E0049EDB8 = {
						CreatedOnToolsVersion = 9.2;
						ProvisioningStyle = Automatic;
						TestTargetID = FC1C277C2080EB4E0049EDB8;
					};
					FC1C279B2080EB4E0049EDB8 = {
						CreatedOnToolsVersion = 9.2;
						ProvisioningStyle = Automatic;
						TestTargetID = FC1C277C2080EB4E0049EDB8;
					};
				};
			};
			buildConfigurationList = FC1C27782080EB4E0049EDB8 /* Build configuration list for PBXProject "WeatherForecast" */;
			compatibilityVersion = "Xcode 8.0";
			developmentRegion = en;
			hasScannedForEncodings = 0;
			knownRegions = (
				en,
				Base,
			);
			mainGroup = FC1C27742080EB4E0049EDB8;
			productRefGroup = FC1C277E2080EB4E0049EDB8 /* Products */;
			projectDirPath = "";
			projectRoot = "";
			targets = (
				FC1C277C2080EB4E0049EDB8 /* WeatherForecast */,
				FC1C27902080EB4E0049EDB8 /* WeatherForecastTests */,
				FC1C279B2080EB4E0049EDB8 /* WeatherForecastUITests */,
			);
		};
/* End PBXProject section */

/* Begin PBXResourcesBuildPhase section */
		FC1C277B2080EB4E0049EDB8 /* Resources */ = {
			isa = PBXResourcesBuildPhase;
			buildActionMask = 2147483647;
			files = (
				FC1C27B02080EC520049EDB8 /* londonWeather.json in Resources */,
				FC1C278B2080EB4E0049EDB8 /* LaunchScreen.storyboard in Resources */,
				FC1C27882080EB4E0049EDB8 /* Assets.xcassets in Resources */,
				FC1C27862080EB4E0049EDB8 /* Main.storyboard in Resources */,
			);
			runOnlyForDeploymentPostprocessing = 0;
		};
		FC1C278F2080EB4E0049EDB8 /* Resources */ = {
			isa = PBXResourcesBuildPhase;
			buildActionMask = 2147483647;
			files = (
			);
			runOnlyForDeploymentPostprocessing = 0;
		};
		FC1C279A2080EB4E0049EDB8 /* Resources */ = {
			isa = PBXResourcesBuildPhase;
			buildActionMask = 2147483647;
			files = (
			);
			runOnlyForDeploymentPostprocessing = 0;
		};
/* End PBXResourcesBuildPhase section */

/* Begin PBXSourcesBuildPhase section */
		FC1C27792080EB4E0049EDB8 /* Sources */ = {
			isa = PBXSourcesBuildPhase;
			buildActionMask = 2147483647;
			files = (
				FC1C27B92080F3B90049EDB8 /* Main.swift in Sources */,
				FC1C27BD2080F42B0049EDB8 /* Clouds.swift in Sources */,
				5122266720931FF80022178E /* APIManager.swift in Sources */,
				FC1C27832080EB4E0049EDB8 /* ViewController.swift in Sources */,
				FC1C27BB2080F4180049EDB8 /* Wind.swift in Sources */,
				FC1C27B52080F1CF0049EDB8 /* Coord.swift in Sources */,
				FC1C27B32080F1AD0049EDB8 /* CurrentWeather.swift in Sources */,
				FC1C27B72080F2BE0049EDB8 /* WeatherDetails.swift in Sources */,
				FC1C27812080EB4E0049EDB8 /* AppDelegate.swift in Sources */,
				FC1C27BF2080F5360049EDB8 /* Sys.swift in Sources */,
			);
			runOnlyForDeploymentPostprocessing = 0;
		};
		FC1C278D2080EB4E0049EDB8 /* Sources */ = {
			isa = PBXSourcesBuildPhase;
			buildActionMask = 2147483647;
			files = (
				FC1C27962080EB4E0049EDB8 /* WeatherForecastTests.swift in Sources */,
			);
			runOnlyForDeploymentPostprocessing = 0;
		};
		FC1C27982080EB4E0049EDB8 /* Sources */ = {
			isa = PBXSourcesBuildPhase;
			buildActionMask = 2147483647;
			files = (
				FC1C27A12080EB4E0049EDB8 /* WeatherForecastUITests.swift in Sources */,
			);
			runOnlyForDeploymentPostprocessing = 0;
		};
/* End PBXSourcesBuildPhase section */

/* Begin PBXTargetDependency section */
		FC1C27932080EB4E0049EDB8 /* PBXTargetDependency */ = {
			isa = PBXTargetDependency;
			target = FC1C277C2080EB4E0049EDB8 /* WeatherForecast */;
			targetProxy = FC1C27922080EB4E0049EDB8 /* PBXContainerItemProxy */;
		};
		FC1C279E2080EB4E0049EDB8 /* PBXTargetDependency */ = {
			isa = PBXTargetDependency;
			target = FC1C277C2080EB4E0049EDB8 /* WeatherForecast */;
			targetProxy = FC1C279D2080EB4E0049EDB8 /* PBXContainerItemProxy */;
		};
/* End PBXTargetDependency section */

/* Begin PBXVariantGroup section */
		FC1C27842080EB4E0049EDB8 /* Main.storyboard */ = {
			isa = PBXVariantGroup;
			children = (
				FC1C27852080EB4E0049EDB8 /* Base */,
			);
			name = Main.storyboard;
			sourceTree = "<group>";
		};
		FC1C27892080EB4E0049EDB8 /* LaunchScreen.storyboard */ = {
			isa = PBXVariantGroup;
			children = (
				FC1C278A2080EB4E0049EDB8 /* Base */,
			);
			name = LaunchScreen.storyboard;
			sourceTree = "<group>";
		};
/* End PBXVariantGroup section */

/* Begin XCBuildConfiguration section */
		FC1C27A32080EB4E0049EDB8 /* Debug */ = {
			isa = XCBuildConfiguration;
			buildSettings = {
				ALWAYS_SEARCH_USER_PATHS = NO;
				CLANG_ANALYZER_NONNULL = YES;
				CLANG_ANALYZER_NUMBER_OBJECT_CONVERSION = YES_AGGRESSIVE;
				CLANG_CXX_LANGUAGE_STANDARD = "gnu++14";
				CLANG_CXX_LIBRARY = "libc++";
				CLANG_ENABLE_MODULES = YES;
				CLANG_ENABLE_OBJC_ARC = YES;
				CLANG_WARN_BLOCK_CAPTURE_AUTORELEASING = YES;
				CLANG_WARN_BOOL_CONVERSION = YES;
				CLANG_WARN_COMMA = YES;
				CLANG_WARN_CONSTANT_CONVERSION = YES;
				CLANG_WARN_DIRECT_OBJC_ISA_USAGE = YES_ERROR;
				CLANG_WARN_DOCUMENTATION_COMMENTS = YES;
				CLANG_WARN_EMPTY_BODY = YES;
				CLANG_WARN_ENUM_CONVERSION = YES;
				CLANG_WARN_INFINITE_RECURSION = YES;
				CLANG_WARN_INT_CONVERSION = YES;
				CLANG_WARN_NON_LITERAL_NULL_CONVERSION = YES;
				CLANG_WARN_OBJC_LITERAL_CONVERSION = YES;
				CLANG_WARN_OBJC_ROOT_CLASS = YES_ERROR;
				CLANG_WARN_RANGE_LOOP_ANALYSIS = YES;
				CLANG_WARN_STRICT_PROTOTYPES = YES;
				CLANG_WARN_SUSPICIOUS_MOVE = YES;
				CLANG_WARN_UNGUARDED_AVAILABILITY = YES_AGGRESSIVE;
				CLANG_WARN_UNREACHABLE_CODE = YES;
				CLANG_WARN__DUPLICATE_METHOD_MATCH = YES;
				CODE_SIGN_IDENTITY = "iPhone Developer";
				COPY_PHASE_STRIP = NO;
				DEBUG_INFORMATION_FORMAT = dwarf;
				ENABLE_STRICT_OBJC_MSGSEND = YES;
				ENABLE_TESTABILITY = YES;
				GCC_C_LANGUAGE_STANDARD = gnu11;
				GCC_DYNAMIC_NO_PIC = NO;
				GCC_NO_COMMON_BLOCKS = YES;
				GCC_OPTIMIZATION_LEVEL = 0;
				GCC_PREPROCESSOR_DEFINITIONS = (
					"DEBUG=1",
					"$(inherited)",
				);
				GCC_WARN_64_TO_32_BIT_CONVERSION = YES;
				GCC_WARN_ABOUT_RETURN_TYPE = YES_ERROR;
				GCC_WARN_UNDECLARED_SELECTOR = YES;
				GCC_WARN_UNINITIALIZED_AUTOS = YES_AGGRESSIVE;
				GCC_WARN_UNUSED_FUNCTION = YES;
				GCC_WARN_UNUSED_VARIABLE = YES;
				IPHONEOS_DEPLOYMENT_TARGET = 11.2;
				MTL_ENABLE_DEBUG_INFO = YES;
				ONLY_ACTIVE_ARCH = YES;
				SDKROOT = iphoneos;
				SWIFT_ACTIVE_COMPILATION_CONDITIONS = DEBUG;
				SWIFT_OPTIMIZATION_LEVEL = "-Onone";
			};
			name = Debug;
		};
		FC1C27A42080EB4E0049EDB8 /* Release */ = {
			isa = XCBuildConfiguration;
			buildSettings = {
				ALWAYS_SEARCH_USER_PATHS = NO;
				CLANG_ANALYZER_NONNULL = YES;
				CLANG_ANALYZER_NUMBER_OBJECT_CONVERSION = YES_AGGRESSIVE;
				CLANG_CXX_LANGUAGE_STANDARD = "gnu++14";
				CLANG_CXX_LIBRARY = "libc++";
				CLANG_ENABLE_MODULES = YES;
				CLANG_ENABLE_OBJC_ARC = YES;
				CLANG_WARN_BLOCK_CAPTURE_AUTORELEASING = YES;
				CLANG_WARN_BOOL_CONVERSION = YES;
				CLANG_WARN_COMMA = YES;
				CLANG_WARN_CONSTANT_CONVERSION = YES;
				CLANG_WARN_DIRECT_OBJC_ISA_USAGE = YES_ERROR;
				CLANG_WARN_DOCUMENTATION_COMMENTS = YES;
				CLANG_WARN_EMPTY_BODY = YES;
				CLANG_WARN_ENUM_CONVERSION = YES;
				CLANG_WARN_INFINITE_RECURSION = YES;
				CLANG_WARN_INT_CONVERSION = YES;
				CLANG_WARN_NON_LITERAL_NULL_CONVERSION = YES;
				CLANG_WARN_OBJC_LITERAL_CONVERSION = YES;
				CLANG_WARN_OBJC_ROOT_CLASS = YES_ERROR;
				CLANG_WARN_RANGE_LOOP_ANALYSIS = YES;
				CLANG_WARN_STRICT_PROTOTYPES = YES;
				CLANG_WARN_SUSPICIOUS_MOVE = YES;
				CLANG_WARN_UNGUARDED_AVAILABILITY = YES_AGGRESSIVE;
				CLANG_WARN_UNREACHABLE_CODE = YES;
				CLANG_WARN__DUPLICATE_METHOD_MATCH = YES;
				CODE_SIGN_IDENTITY = "iPhone Developer";
				COPY_PHASE_STRIP = NO;
				DEBUG_INFORMATION_FORMAT = "dwarf-with-dsym";
				ENABLE_NS_ASSERTIONS = NO;
				ENABLE_STRICT_OBJC_MSGSEND = YES;
				GCC_C_LANGUAGE_STANDARD = gnu11;
				GCC_NO_COMMON_BLOCKS = YES;
				GCC_WARN_64_TO_32_BIT_CONVERSION = YES;
				GCC_WARN_ABOUT_RETURN_TYPE = YES_ERROR;
				GCC_WARN_UNDECLARED_SELECTOR = YES;
				GCC_WARN_UNINITIALIZED_AUTOS = YES_AGGRESSIVE;
				GCC_WARN_UNUSED_FUNCTION = YES;
				GCC_WARN_UNUSED_VARIABLE = YES;
				IPHONEOS_DEPLOYMENT_TARGET = 11.2;
				MTL_ENABLE_DEBUG_INFO = NO;
				SDKROOT = iphoneos;
				SWIFT_OPTIMIZATION_LEVEL = "-Owholemodule";
				VALIDATE_PRODUCT = YES;
			};
			name = Release;
		};
		FC1C27A62080EB4E0049EDB8 /* Debug */ = {
			isa = XCBuildConfiguration;
			buildSettings = {
				ASSETCATALOG_COMPILER_APPICON_NAME = AppIcon;
				CODE_SIGN_STYLE = Automatic;
				DEVELOPMENT_TEAM = 8832U97EJ9;
				INFOPLIST_FILE = WeatherForecast/Info.plist;
				IPHONEOS_DEPLOYMENT_TARGET = 11.0;
				LD_RUNPATH_SEARCH_PATHS = "$(inherited) @executable_path/Frameworks";
				PRODUCT_BUNDLE_IDENTIFIER = me.batin.WeatherForecast;
				PRODUCT_NAME = "$(TARGET_NAME)";
				SWIFT_VERSION = 4.0;
				TARGETED_DEVICE_FAMILY = "1,2";
			};
			name = Debug;
		};
		FC1C27A72080EB4E0049EDB8 /* Release */ = {
			isa = XCBuildConfiguration;
			buildSettings = {
				ASSETCATALOG_COMPILER_APPICON_NAME = AppIcon;
				CODE_SIGN_STYLE = Automatic;
				DEVELOPMENT_TEAM = 8832U97EJ9;
				INFOPLIST_FILE = WeatherForecast/Info.plist;
				IPHONEOS_DEPLOYMENT_TARGET = 11.0;
				LD_RUNPATH_SEARCH_PATHS = "$(inherited) @executable_path/Frameworks";
				PRODUCT_BUNDLE_IDENTIFIER = me.batin.WeatherForecast;
				PRODUCT_NAME = "$(TARGET_NAME)";
				SWIFT_VERSION = 4.0;
				TARGETED_DEVICE_FAMILY = "1,2";
			};
			name = Release;
		};
		FC1C27A92080EB4E0049EDB8 /* Debug */ = {
			isa = XCBuildConfiguration;
			buildSettings = {
				ALWAYS_EMBED_SWIFT_STANDARD_LIBRARIES = YES;
				BUNDLE_LOADER = "$(TEST_HOST)";
				CODE_SIGN_STYLE = Automatic;
				DEVELOPMENT_TEAM = 8832U97EJ9;
				INFOPLIST_FILE = WeatherForecastTests/Info.plist;
				LD_RUNPATH_SEARCH_PATHS = "$(inherited) @executable_path/Frameworks @loader_path/Frameworks";
				PRODUCT_BUNDLE_IDENTIFIER = me.batin.WeatherForecastTests;
				PRODUCT_NAME = "$(TARGET_NAME)";
				SWIFT_VERSION = 4.0;
				TARGETED_DEVICE_FAMILY = "1,2";
				TEST_HOST = "$(BUILT_PRODUCTS_DIR)/WeatherForecast.app/WeatherForecast";
			};
			name = Debug;
		};
		FC1C27AA2080EB4E0049EDB8 /* Release */ = {
			isa = XCBuildConfiguration;
			buildSettings = {
				ALWAYS_EMBED_SWIFT_STANDARD_LIBRARIES = YES;
				BUNDLE_LOADER = "$(TEST_HOST)";
				CODE_SIGN_STYLE = Automatic;
				DEVELOPMENT_TEAM = 8832U97EJ9;
				INFOPLIST_FILE = WeatherForecastTests/Info.plist;
				LD_RUNPATH_SEARCH_PATHS = "$(inherited) @executable_path/Frameworks @loader_path/Frameworks";
				PRODUCT_BUNDLE_IDENTIFIER = me.batin.WeatherForecastTests;
				PRODUCT_NAME = "$(TARGET_NAME)";
				SWIFT_VERSION = 4.0;
				TARGETED_DEVICE_FAMILY = "1,2";
				TEST_HOST = "$(BUILT_PRODUCTS_DIR)/WeatherForecast.app/WeatherForecast";
			};
			name = Release;
		};
		FC1C27AC2080EB4E0049EDB8 /* Debug */ = {
			isa = XCBuildConfiguration;
			buildSettings = {
				ALWAYS_EMBED_SWIFT_STANDARD_LIBRARIES = YES;
				CODE_SIGN_STYLE = Automatic;
				DEVELOPMENT_TEAM = 8832U97EJ9;
				INFOPLIST_FILE = WeatherForecastUITests/Info.plist;
				LD_RUNPATH_SEARCH_PATHS = "$(inherited) @executable_path/Frameworks @loader_path/Frameworks";
				PRODUCT_BUNDLE_IDENTIFIER = me.batin.WeatherForecastUITests;
				PRODUCT_NAME = "$(TARGET_NAME)";
				SWIFT_VERSION = 4.0;
				TARGETED_DEVICE_FAMILY = "1,2";
				TEST_TARGET_NAME = WeatherForecast;
			};
			name = Debug;
		};
		FC1C27AD2080EB4E0049EDB8 /* Release */ = {
			isa = XCBuildConfiguration;
			buildSettings = {
				ALWAYS_EMBED_SWIFT_STANDARD_LIBRARIES = YES;
				CODE_SIGN_STYLE = Automatic;
				DEVELOPMENT_TEAM = 8832U97EJ9;
				INFOPLIST_FILE = WeatherForecastUITests/Info.plist;
				LD_RUNPATH_SEARCH_PATHS = "$(inherited) @executable_path/Frameworks @loader_path/Frameworks";
				PRODUCT_BUNDLE_IDENTIFIER = me.batin.WeatherForecastUITests;
				PRODUCT_NAME = "$(TARGET_NAME)";
				SWIFT_VERSION = 4.0;
				TARGETED_DEVICE_FAMILY = "1,2";
				TEST_TARGET_NAME = WeatherForecast;
			};
			name = Release;
		};
/* End XCBuildConfiguration section */

/* Begin XCConfigurationList section */
		FC1C27782080EB4E0049EDB8 /* Build configuration list for PBXProject "WeatherForecast" */ = {
			isa = XCConfigurationList;
			buildConfigurations = (
				FC1C27A32080EB4E0049EDB8 /* Debug */,
				FC1C27A42080EB4E0049EDB8 /* Release */,
			);
			defaultConfigurationIsVisible = 0;
			defaultConfigurationName = Release;
		};
		FC1C27A52080EB4E0049EDB8 /* Build configuration list for PBXNativeTarget "WeatherForecast" */ = {
			isa = XCConfigurationList;
			buildConfigurations = (
				FC1C27A62080EB4E0049EDB8 /* Debug */,
				FC1C27A72080EB4E0049EDB8 /* Release */,
			);
			defaultConfigurationIsVisible = 0;
			defaultConfigurationName = Release;
		};
		FC1C27A82080EB4E0049EDB8 /* Build configuration list for PBXNativeTarget "WeatherForecastTests" */ = {
			isa = XCConfigurationList;
			buildConfigurations = (
				FC1C27A92080EB4E0049EDB8 /* Debug */,
				FC1C27AA2080EB4E0049EDB8 /* Release */,
			);
			defaultConfigurationIsVisible = 0;
			defaultConfigurationName = Release;
		};
		FC1C27AB2080EB4E0049EDB8 /* Build configuration list for PBXNativeTarget "WeatherForecastUITests" */ = {
			isa = XCConfigurationList;
			buildConfigurations = (
				FC1C27AC2080EB4E0049EDB8 /* Debug */,
				FC1C27AD2080EB4E0049EDB8 /* Release */,
			);
			defaultConfigurationIsVisible = 0;
			defaultConfigurationName = Release;
		};
/* End XCConfigurationList section */
	};
	rootObject = FC1C27752080EB4E0049EDB8 /* Project object */;
}
